
Microsoft Visual Studio Solution File, Format Version 12.00
# Visual Studio Version 17
VisualStudioVersion = 17.5.33627.172
MinimumVisualStudioVersion = 10.0.40219.1
Project("{FAE04EC0-301F-11D3-BF4B-00C04F79EFBC}") = "EmailNewsletter", "EmailNewsletter.csproj", "{53DBE5CB-3600-4935-8BA8-95D781413029}"
EndProject
Global
	GlobalSection(SolutionConfigurationPlatforms) = preSolution
		Debug|Any CPU = Debug|Any CPU
		Release|Any CPU = Release|Any CPU
	EndGlobalSection
	GlobalSection(ProjectConfigurationPlatforms) = postSolution
		{53DBE5CB-3600-4935-8BA8-95D781413029}.Debug|Any CPU.ActiveCfg = Debug|Any CPU
		{53DBE5CB-3600-4935-8BA8-95D781413029}.Debug|Any CPU.Build.0 = Debug|Any CPU
		{53DBE5CB-3600-4935-8BA8-95D781413029}.Release|Any CPU.ActiveCfg = Release|Any CPU
		{53DBE5CB-3600-4935-8BA8-95D781413029}.Release|Any CPU.Build.0 = Release|Any CPU
	EndGlobalSection
	GlobalSection(SolutionProperties) = preSolution
		HideSolutionNode = FALSE
	EndGlobalSection
	GlobalSection(ExtensibilityGlobals) = postSolution
		SolutionGuid = {1730DE75-4E87-4355-B628-F88337C98ACF}
	EndGlobalSection
EndGlobal
